# Install the pinned binary dependency closure before refinery sdist metadata imports it.
# Hashes are the same official PyPI releases recorded in cloud-python.lock.
capstone==5.0.7 \
    --hash=sha256:b809a9654844ce0d35099121a851ddd2ab2689df1ff6687037babcedcaae6391 \
    --hash=sha256:796bdd69b05fa124fc2aa2e74b9a0b3d4c4e7f3e02add5e583cf2f3bca282ede
colorama==0.4.6 \
    --hash=sha256:4f1d9991f5acc0ca119f9d443620b77f9d6b33703e51011c16baf57afb285fc6 \
    --hash=sha256:08695f5cb7ed6e0531a20572697297273c47b8cae5a63ffc6d6ed5c201be6e44
Cython==3.3.0 \
    --hash=sha256:428fafed98ea26927000a287b4dfc9ef07339f56656a5329a34eaa593f79a4f8 \
    --hash=sha256:9b24b5c8cd536946b62086fcafee6d5509d3f549f72d553d2336af87ffbe0da1 \
    --hash=sha256:eed0d93fbca7087f143b42c34b05a825849bdf17f101572c2105acfa49aa88b8
defusedxml==0.7.1 \
    --hash=sha256:a352e7e428770286cc899e2542b6cdaedb2b4953ff269a210103ec58f6198a61 \
    --hash=sha256:1bb3032db185915b62d7c6209c5a8792be6a32ab2fedacc84e01b52c51aa3e69
imageio-ffmpeg==0.6.0 \
    --hash=sha256:c7e46fcec401dd990405049d2e2f475e2b397779df2519b544b8aab515195282 \
    --hash=sha256:e2556bed8e005564a9f925bb7afa4002d82770d6b08825078b7697ab88ba1755
lief==1.0.0 \
    --hash=sha256:41ff868f5328fc8e5237a9e1f4718590e0ee9180c1422b3e4948b7116ba4517c \
    --hash=sha256:811b2354f48fa08c49b106eafc9c1b26006371dc24d3d04bfdd9939863df6e6a
msgpack==1.2.3 \
    --hash=sha256:ede33b2892ceb976283e009ad12fa1834cfdf1f9c43ee9c97849fc588d00a618 \
    --hash=sha256:32edb81a2b5eb7cd7c9d941b2bfbbb082fd2cd09e0e725930316af6b708db186
numpy==2.5.3 \
    --hash=sha256:b7e18c623bb5c95acb3b3328861272816ba199fb531921c5d6d0b675f1fde9e3 \
    --hash=sha256:df2d5874ff183595a4ba404edd04f6bd9b5505c1d7708573f6a6c17489a67563
packaging==26.3 \
    --hash=sha256:d7193f7c8e4e93f444fde0262bf90af30e16fa0ad0ad44cb553c87339b23cd1c \
    --hash=sha256:94edc256424af38762eb31306eed28beb9f0efc50a8837492c9d6fd6004aed79
pillow==11.3.0 \
    --hash=sha256:67172f2944ebba3d4a7b54f2e95c786a3a50c21b88456329314caaa28cda70f6 \
    --hash=sha256:676b2815362456b5b3216b4fd5bd89d362100dc6f4945154ff172e206a22c024 \
    --hash=sha256:3828ee7586cd0b2091b6209e5ad53e20d0649bbe87164a459d0676e035e8f523
pure-magic-rs==0.5.1 \
    --hash=sha256:5ef3709472b86b270b9b9831fcb6675fceb886bae0501b0b697844ea81239d34 \
    --hash=sha256:b5e42ce66ba68eb297f810bb5ee279f4f28ffde8c7515aba79d909205420163c
pycryptodomex==3.23.0 \
    --hash=sha256:f489c4765093fb60e2edafdf223397bc716491b2b69fe74367b70d6999257a5c \
    --hash=sha256:71909758f010c82bc99b0abf4ea12012c98962fbf0583c2164f8b84533c2e4da
pyperclip==1.11.0 \
    --hash=sha256:299403e9ff44581cb9ba2ffeed69c7aa96a008622ad0c46cb575ca75b5b84273 \
    --hash=sha256:244035963e4428530d9e3a6101a1ef97209c6825edab1567beac148ccc1db1b6
setuptools==84.0.0 \
    --hash=sha256:51a52592b3b99e102b609654876bd65f19f999935166d1352678931132b0c670 \
    --hash=sha256:f4695c21257f0d9b537ec2692c941d02ee143b7cc1276941349a546573b2ef73
toml==0.10.2 \
    --hash=sha256:806143ae5bfb6a3c6e736a764057db0e6a0e05e338b5630894a5f779cabb4f9b \
    --hash=sha256:b3bda1d108d5dd99f4a20d24d9c348e91c4db7ab1b749200bded2f839ccbe68f
unicorn==2.1.4 \
    --hash=sha256:9d6e6dea140560de4ebd8446661f7ef84a357d428c14a3ef09dacd306ec8c239 \
    --hash=sha256:00567a70e323f749b419cd86bee4f9115beab7ebba32194581c090cbb7c59cff
wheel==0.48.0 \
    --hash=sha256:3217dcc807155e45db462d7ef2431f5ddda0d7273b700d05a67b271ceb1287ab \
    --hash=sha256:94800765601e9171bf5d58d066e640662842bcedcbab982b2c90787a2c987322
